
Microsoft Visual Studio Solution File, Format Version 12.00
# Visual Studio 14
VisualStudioVersion = 14.0.25123.0
MinimumVisualStudioVersion = 10.0.40219.1
Project("{FAE04EC0-301F-11D3-BF4B-00C04F79EFBC}") = "BookMeMobile.Droid", "BookMeMobile\BookMeMobile.Droid\BookMeMobile.Droid.csproj", "{E2DB2292-6DE0-4D7A-BC59-5A5DFBF1A25C}"
EndProject
Project("{FAE04EC0-301F-11D3-BF4B-00C04F79EFBC}") = "BookMeMobile.Touch", "BookMeMobile\BookMeMobile.Touch\BookMeMobile.Touch.csproj", "{C8D48223-7648-40D8-909F-C2635999D947}"
EndProject
Project("{FAE04EC0-301F-11D3-BF4B-00C04F79EFBC}") = "BookMeMobile", "BookMeMobile\BookMeMobile\BookMeMobile.csproj", "{CF8E4745-C5D1-4A08-9FA2-CF956F2799A5}"
EndProject
Project("{FAE04EC0-301F-11D3-BF4B-00C04F79EFBC}") = "BookMeMobile.WinPhone", "BookMeMobile\BookMeMobile.WinPhone\BookMeMobile.WinPhone.csproj", "{5A365333-0D7D-432D-AABA-2B36B0D17170}"
	ProjectSection(ProjectDependencies) = postProject
		{CF8E4745-C5D1-4A08-9FA2-CF956F2799A5} = {CF8E4745-C5D1-4A08-9FA2-CF956F2799A5}
	EndProjectSection
EndProject
Global
	GlobalSection(SolutionConfigurationPlatforms) = preSolution
		Ad-Hoc|Any CPU = Ad-Hoc|Any CPU
		Ad-Hoc|ARM = Ad-Hoc|ARM
		Ad-Hoc|iPhone = Ad-Hoc|iPhone
		Ad-Hoc|iPhoneSimulator = Ad-Hoc|iPhoneSimulator
		Ad-Hoc|x64 = Ad-Hoc|x64
		Ad-Hoc|x86 = Ad-Hoc|x86
		AppStore|Any CPU = AppStore|Any CPU
		AppStore|ARM = AppStore|ARM
		AppStore|iPhone = AppStore|iPhone
		AppStore|iPhoneSimulator = AppStore|iPhoneSimulator
		AppStore|x64 = AppStore|x64
		AppStore|x86 = AppStore|x86
		Debug|Any CPU = Debug|Any CPU
		Debug|ARM = Debug|ARM
		Debug|iPhone = Debug|iPhone
		Debug|iPhoneSimulator = Debug|iPhoneSimulator
		Debug|x64 = Debug|x64
		Debug|x86 = Debug|x86
		Release|Any CPU = Release|Any CPU
		Release|ARM = Release|ARM
		Release|iPhone = Release|iPhone
		Release|iPhoneSimulator = Release|iPhoneSimulator
		Release|x64 = Release|x64
		Release|x86 = Release|x86
	EndGlobalSection
	GlobalSection(ProjectConfigurationPlatforms) = postSolution
		{E2DB2292-6DE0-4D7A-BC59-5A5DFBF1A25C}.Ad-Hoc|Any CPU.ActiveCfg = Release|Any CPU
		{E2DB2292-6DE0-4D7A-BC59-5A5DFBF1A25C}.Ad-Hoc|Any CPU.Build.0 = Release|Any CPU
		{E2DB2292-6DE0-4D7A-BC59-5A5DFBF1A25C}.Ad-Hoc|Any CPU.Deploy.0 = Release|Any CPU
		{E2DB2292-6DE0-4D7A-BC59-5A5DFBF1A25C}.Ad-Hoc|ARM.ActiveCfg = Debug|Any CPU
		{E2DB2292-6DE0-4D7A-BC59-5A5DFBF1A25C}.Ad-Hoc|ARM.Build.0 = Debug|Any CPU
		{E2DB2292-6DE0-4D7A-BC59-5A5DFBF1A25C}.Ad-Hoc|ARM.Deploy.0 = Debug|Any CPU
		{E2DB2292-6DE0-4D7A-BC59-5A5DFBF1A25C}.Ad-Hoc|iPhone.ActiveCfg = Release|Any CPU
		{E2DB2292-6DE0-4D7A-BC59-5A5DFBF1A25C}.Ad-Hoc|iPhone.Build.0 = Release|Any CPU
		{E2DB2292-6DE0-4D7A-BC59-5A5DFBF1A25C}.Ad-Hoc|iPhone.Deploy.0 = Release|Any CPU
		{E2DB2292-6DE0-4D7A-BC59-5A5DFBF1A25C}.Ad-Hoc|iPhoneSimulator.ActiveCfg = Release|Any CPU
		{E2DB2292-6DE0-4D7A-BC59-5A5DFBF1A25C}.Ad-Hoc|iPhoneSimulator.Build.0 = Release|Any CPU
		{E2DB2292-6DE0-4D7A-BC59-5A5DFBF1A25C}.Ad-Hoc|iPhoneSimulator.Deploy.0 = Release|Any CPU
		{E2DB2292-6DE0-4D7A-BC59-5A5DFBF1A25C}.Ad-Hoc|x64.ActiveCfg = Debug|Any CPU
		{E2DB2292-6DE0-4D7A-BC59-5A5DFBF1A25C}.Ad-Hoc|x64.Build.0 = Debug|Any CPU
		{E2DB2292-6DE0-4D7A-BC59-5A5DFBF1A25C}.Ad-Hoc|x64.Deploy.0 = Debug|Any CPU
		{E2DB2292-6DE0-4D7A-BC59-5A5DFBF1A25C}.Ad-Hoc|x86.ActiveCfg = Debug|Any CPU
		{E2DB2292-6DE0-4D7A-BC59-5A5DFBF1A25C}.Ad-Hoc|x86.Build.0 = Debug|Any CPU
		{E2DB2292-6DE0-4D7A-BC59-5A5DFBF1A25C}.Ad-Hoc|x86.Deploy.0 = Debug|Any CPU
		{E2DB2292-6DE0-4D7A-BC59-5A5DFBF1A25C}.AppStore|Any CPU.ActiveCfg = Release|Any CPU
		{E2DB2292-6DE0-4D7A-BC59-5A5DFBF1A25C}.AppStore|Any CPU.Build.0 = Release|Any CPU
		{E2DB2292-6DE0-4D7A-BC59-5A5DFBF1A25C}.AppStore|Any CPU.Deploy.0 = Release|Any CPU
		{E2DB2292-6DE0-4D7A-BC59-5A5DFBF1A25C}.AppStore|ARM.ActiveCfg = Debug|Any CPU
		{E2DB2292-6DE0-4D7A-BC59-5A5DFBF1A25C}.AppStore|ARM.Build.0 = Debug|Any CPU
		{E2DB2292-6DE0-4D7A-BC59-5A5DFBF1A25C}.AppStore|ARM.Deploy.0 = Debug|Any CPU
		{E2DB2292-6DE0-4D7A-BC59-5A5DFBF1A25C}.AppStore|iPhone.ActiveCfg = Release|Any CPU
		{E2DB2292-6DE0-4D7A-BC59-5A5DFBF1A25C}.AppStore|iPhone.Build.0 = Release|Any CPU
		{E2DB2292-6DE0-4D7A-BC59-5A5DFBF1A25C}.AppStore|iPhone.Deploy.0 = Release|Any CPU
		{E2DB2292-6DE0-4D7A-BC59-5A5DFBF1A25C}.AppStore|iPhoneSimulator.ActiveCfg = Release|Any CPU
		{E2DB2292-6DE0-4D7A-BC59-5A5DFBF1A25C}.AppStore|iPhoneSimulator.Build.0 = Release|Any CPU
		{E2DB2292-6DE0-4D7A-BC59-5A5DFBF1A25C}.AppStore|iPhoneSimulator.Deploy.0 = Release|Any CPU
		{E2DB2292-6DE0-4D7A-BC59-5A5DFBF1A25C}.AppStore|x64.ActiveCfg = Debug|Any CPU
		{E2DB2292-6DE0-4D7A-BC59-5A5DFBF1A25C}.AppStore|x64.Build.0 = Debug|Any CPU
		{E2DB2292-6DE0-4D7A-BC59-5A5DFBF1A25C}.AppStore|x64.Deploy.0 = Debug|Any CPU
		{E2DB2292-6DE0-4D7A-BC59-5A5DFBF1A25C}.AppStore|x86.ActiveCfg = Debug|Any CPU
		{E2DB2292-6DE0-4D7A-BC59-5A5DFBF1A25C}.AppStore|x86.Build.0 = Debug|Any CPU
		{E2DB2292-6DE0-4D7A-BC59-5A5DFBF1A25C}.AppStore|x86.Deploy.0 = Debug|Any CPU
		{E2DB2292-6DE0-4D7A-BC59-5A5DFBF1A25C}.Debug|Any CPU.ActiveCfg = Debug|Any CPU
		{E2DB2292-6DE0-4D7A-BC59-5A5DFBF1A25C}.Debug|Any CPU.Build.0 = Debug|Any CPU
		{E2DB2292-6DE0-4D7A-BC59-5A5DFBF1A25C}.Debug|Any CPU.Deploy.0 = Debug|Any CPU
		{E2DB2292-6DE0-4D7A-BC59-5A5DFBF1A25C}.Debug|ARM.ActiveCfg = Debug|Any CPU
		{E2DB2292-6DE0-4D7A-BC59-5A5DFBF1A25C}.Debug|ARM.Build.0 = Debug|Any CPU
		{E2DB2292-6DE0-4D7A-BC59-5A5DFBF1A25C}.Debug|ARM.Deploy.0 = Debug|Any CPU
		{E2DB2292-6DE0-4D7A-BC59-5A5DFBF1A25C}.Debug|iPhone.ActiveCfg = Debug|Any CPU
		{E2DB2292-6DE0-4D7A-BC59-5A5DFBF1A25C}.Debug|iPhone.Build.0 = Debug|Any CPU
		{E2DB2292-6DE0-4D7A-BC59-5A5DFBF1A25C}.Debug|iPhone.Deploy.0 = Debug|Any CPU
		{E2DB2292-6DE0-4D7A-BC59-5A5DFBF1A25C}.Debug|iPhoneSimulator.ActiveCfg = Debug|Any CPU
		{E2DB2292-6DE0-4D7A-BC59-5A5DFBF1A25C}.Debug|iPhoneSimulator.Build.0 = Debug|Any CPU
		{E2DB2292-6DE0-4D7A-BC59-5A5DFBF1A25C}.Debug|iPhoneSimulator.Deploy.0 = Debug|Any CPU
		{E2DB2292-6DE0-4D7A-BC59-5A5DFBF1A25C}.Debug|x64.ActiveCfg = Debug|Any CPU
		{E2DB2292-6DE0-4D7A-BC59-5A5DFBF1A25C}.Debug|x64.Build.0 = Debug|Any CPU
		{E2DB2292-6DE0-4D7A-BC59-5A5DFBF1A25C}.Debug|x64.Deploy.0 = Debug|Any CPU
		{E2DB2292-6DE0-4D7A-BC59-5A5DFBF1A25C}.Debug|x86.ActiveCfg = Debug|Any CPU
		{E2DB2292-6DE0-4D7A-BC59-5A5DFBF1A25C}.Debug|x86.Build.0 = Debug|Any CPU
		{E2DB2292-6DE0-4D7A-BC59-5A5DFBF1A25C}.Debug|x86.Deploy.0 = Debug|Any CPU
		{E2DB2292-6DE0-4D7A-BC59-5A5DFBF1A25C}.Release|Any CPU.ActiveCfg = Release|Any CPU
		{E2DB2292-6DE0-4D7A-BC59-5A5DFBF1A25C}.Release|Any CPU.Build.0 = Release|Any CPU
		{E2DB2292-6DE0-4D7A-BC59-5A5DFBF1A25C}.Release|Any CPU.Deploy.0 = Release|Any CPU
		{E2DB2292-6DE0-4D7A-BC59-5A5DFBF1A25C}.Release|ARM.ActiveCfg = Release|Any CPU
		{E2DB2292-6DE0-4D7A-BC59-5A5DFBF1A25C}.Release|ARM.Build.0 = Release|Any CPU
		{E2DB2292-6DE0-4D7A-BC59-5A5DFBF1A25C}.Release|ARM.Deploy.0 = Release|Any CPU
		{E2DB2292-6DE0-4D7A-BC59-5A5DFBF1A25C}.Release|iPhone.ActiveCfg = Release|Any CPU
		{E2DB2292-6DE0-4D7A-BC59-5A5DFBF1A25C}.Release|iPhone.Build.0 = Release|Any CPU
		{E2DB2292-6DE0-4D7A-BC59-5A5DFBF1A25C}.Release|iPhone.Deploy.0 = Release|Any CPU
		{E2DB2292-6DE0-4D7A-BC59-5A5DFBF1A25C}.Release|iPhoneSimulator.ActiveCfg = Release|Any CPU
		{E2DB2292-6DE0-4D7A-BC59-5A5DFBF1A25C}.Release|iPhoneSimulator.Build.0 = Release|Any CPU
		{E2DB2292-6DE0-4D7A-BC59-5A5DFBF1A25C}.Release|iPhoneSimulator.Deploy.0 = Release|Any CPU
		{E2DB2292-6DE0-4D7A-BC59-5A5DFBF1A25C}.Release|x64.ActiveCfg = Release|Any CPU
		{E2DB2292-6DE0-4D7A-BC59-5A5DFBF1A25C}.Release|x64.Build.0 = Release|Any CPU
		{E2DB2292-6DE0-4D7A-BC59-5A5DFBF1A25C}.Release|x64.Deploy.0 = Release|Any CPU
		{E2DB2292-6DE0-4D7A-BC59-5A5DFBF1A25C}.Release|x86.ActiveCfg = Release|Any CPU
		{E2DB2292-6DE0-4D7A-BC59-5A5DFBF1A25C}.Release|x86.Build.0 = Release|Any CPU
		{E2DB2292-6DE0-4D7A-BC59-5A5DFBF1A25C}.Release|x86.Deploy.0 = Release|Any CPU
		{C8D48223-7648-40D8-909F-C2635999D947}.Ad-Hoc|Any CPU.ActiveCfg = Ad-Hoc|iPhone
		{C8D48223-7648-40D8-909F-C2635999D947}.Ad-Hoc|ARM.ActiveCfg = Ad-Hoc|iPhoneSimulator
		{C8D48223-7648-40D8-909F-C2635999D947}.Ad-Hoc|iPhone.ActiveCfg = Ad-Hoc|iPhone
		{C8D48223-7648-40D8-909F-C2635999D947}.Ad-Hoc|iPhone.Build.0 = Ad-Hoc|iPhone
		{C8D48223-7648-40D8-909F-C2635999D947}.Ad-Hoc|iPhoneSimulator.ActiveCfg = Ad-Hoc|iPhoneSimulator
		{C8D48223-7648-40D8-909F-C2635999D947}.Ad-Hoc|iPhoneSimulator.Build.0 = Ad-Hoc|iPhoneSimulator
		{C8D48223-7648-40D8-909F-C2635999D947}.Ad-Hoc|x64.ActiveCfg = Ad-Hoc|iPhoneSimulator
		{C8D48223-7648-40D8-909F-C2635999D947}.Ad-Hoc|x86.ActiveCfg = Ad-Hoc|iPhoneSimulator
		{C8D48223-7648-40D8-909F-C2635999D947}.AppStore|Any CPU.ActiveCfg = AppStore|iPhone
		{C8D48223-7648-40D8-909F-C2635999D947}.AppStore|ARM.ActiveCfg = AppStore|iPhoneSimulator
		{C8D48223-7648-40D8-909F-C2635999D947}.AppStore|iPhone.ActiveCfg = AppStore|iPhone
		{C8D48223-7648-40D8-909F-C2635999D947}.AppStore|iPhone.Build.0 = AppStore|iPhone
		{C8D48223-7648-40D8-909F-C2635999D947}.AppStore|iPhoneSimulator.ActiveCfg = AppStore|iPhoneSimulator
		{C8D48223-7648-40D8-909F-C2635999D947}.AppStore|iPhoneSimulator.Build.0 = AppStore|iPhoneSimulator
		{C8D48223-7648-40D8-909F-C2635999D947}.AppStore|x64.ActiveCfg = AppStore|iPhoneSimulator
		{C8D48223-7648-40D8-909F-C2635999D947}.AppStore|x86.ActiveCfg = AppStore|iPhoneSimulator
		{C8D48223-7648-40D8-909F-C2635999D947}.Debug|Any CPU.ActiveCfg = Debug|iPhone
		{C8D48223-7648-40D8-909F-C2635999D947}.Debug|Any CPU.Build.0 = Debug|iPhone
		{C8D48223-7648-40D8-909F-C2635999D947}.Debug|ARM.ActiveCfg = Debug|iPhoneSimulator
		{C8D48223-7648-40D8-909F-C2635999D947}.Debug|iPhone.ActiveCfg = Debug|iPhone
		{C8D48223-7648-40D8-909F-C2635999D947}.Debug|iPhone.Build.0 = Debug|iPhone
		{C8D48223-7648-40D8-909F-C2635999D947}.Debug|iPhoneSimulator.ActiveCfg = Debug|iPhoneSimulator
		{C8D48223-7648-40D8-909F-C2635999D947}.Debug|iPhoneSimulator.Build.0 = Debug|iPhoneSimulator
		{C8D48223-7648-40D8-909F-C2635999D947}.Debug|x64.ActiveCfg = Debug|iPhoneSimulator
		{C8D48223-7648-40D8-909F-C2635999D947}.Debug|x86.ActiveCfg = Debug|iPhoneSimulator
		{C8D48223-7648-40D8-909F-C2635999D947}.Release|Any CPU.ActiveCfg = Release|iPhone
		{C8D48223-7648-40D8-909F-C2635999D947}.Release|ARM.ActiveCfg = Release|iPhoneSimulator
		{C8D48223-7648-40D8-909F-C2635999D947}.Release|iPhone.ActiveCfg = Release|iPhone
		{C8D48223-7648-40D8-909F-C2635999D947}.Release|iPhone.Build.0 = Release|iPhone
		{C8D48223-7648-40D8-909F-C2635999D947}.Release|iPhoneSimulator.ActiveCfg = Release|iPhoneSimulator
		{C8D48223-7648-40D8-909F-C2635999D947}.Release|iPhoneSimulator.Build.0 = Release|iPhoneSimulator
		{C8D48223-7648-40D8-909F-C2635999D947}.Release|x64.ActiveCfg = Release|iPhoneSimulator
		{C8D48223-7648-40D8-909F-C2635999D947}.Release|x86.ActiveCfg = Release|iPhoneSimulator
		{CF8E4745-C5D1-4A08-9FA2-CF956F2799A5}.Ad-Hoc|Any CPU.ActiveCfg = Release|Any CPU
		{CF8E4745-C5D1-4A08-9FA2-CF956F2799A5}.Ad-Hoc|Any CPU.Build.0 = Release|Any CPU
		{CF8E4745-C5D1-4A08-9FA2-CF956F2799A5}.Ad-Hoc|ARM.ActiveCfg = Debug|Any CPU
		{CF8E4745-C5D1-4A08-9FA2-CF956F2799A5}.Ad-Hoc|ARM.Build.0 = Debug|Any CPU
		{CF8E4745-C5D1-4A08-9FA2-CF956F2799A5}.Ad-Hoc|iPhone.ActiveCfg = Release|Any CPU
		{CF8E4745-C5D1-4A08-9FA2-CF956F2799A5}.Ad-Hoc|iPhone.Build.0 = Release|Any CPU
		{CF8E4745-C5D1-4A08-9FA2-CF956F2799A5}.Ad-Hoc|iPhoneSimulator.ActiveCfg = Release|Any CPU
		{CF8E4745-C5D1-4A08-9FA2-CF956F2799A5}.Ad-Hoc|iPhoneSimulator.Build.0 = Release|Any CPU
		{CF8E4745-C5D1-4A08-9FA2-CF956F2799A5}.Ad-Hoc|x64.ActiveCfg = Debug|Any CPU
		{CF8E4745-C5D1-4A08-9FA2-CF956F2799A5}.Ad-Hoc|x64.Build.0 = Debug|Any CPU
		{CF8E4745-C5D1-4A08-9FA2-CF956F2799A5}.Ad-Hoc|x86.ActiveCfg = Debug|Any CPU
		{CF8E4745-C5D1-4A08-9FA2-CF956F2799A5}.Ad-Hoc|x86.Build.0 = Debug|Any CPU
		{CF8E4745-C5D1-4A08-9FA2-CF956F2799A5}.AppStore|Any CPU.ActiveCfg = Release|Any CPU
		{CF8E4745-C5D1-4A08-9FA2-CF956F2799A5}.AppStore|Any CPU.Build.0 = Release|Any CPU
		{CF8E4745-C5D1-4A08-9FA2-CF956F2799A5}.AppStore|ARM.ActiveCfg = Debug|Any CPU
		{CF8E4745-C5D1-4A08-9FA2-CF956F2799A5}.AppStore|ARM.Build.0 = Debug|Any CPU
		{CF8E4745-C5D1-4A08-9FA2-CF956F2799A5}.AppStore|iPhone.ActiveCfg = Release|Any CPU
		{CF8E4745-C5D1-4A08-9FA2-CF956F2799A5}.AppStore|iPhone.Build.0 = Release|Any CPU
		{CF8E4745-C5D1-4A08-9FA2-CF956F2799A5}.AppStore|iPhoneSimulator.ActiveCfg = Release|Any CPU
		{CF8E4745-C5D1-4A08-9FA2-CF956F2799A5}.AppStore|iPhoneSimulator.Build.0 = Release|Any CPU
		{CF8E4745-C5D1-4A08-9FA2-CF956F2799A5}.AppStore|x64.ActiveCfg = Debug|Any CPU
		{CF8E4745-C5D1-4A08-9FA2-CF956F2799A5}.AppStore|x64.Build.0 = Debug|Any CPU
		{CF8E4745-C5D1-4A08-9FA2-CF956F2799A5}.AppStore|x86.ActiveCfg = Debug|Any CPU
		{CF8E4745-C5D1-4A08-9FA2-CF956F2799A5}.AppStore|x86.Build.0 = Debug|Any CPU
		{CF8E4745-C5D1-4A08-9FA2-CF956F2799A5}.Debug|Any CPU.ActiveCfg = Debug|Any CPU
		{CF8E4745-C5D1-4A08-9FA2-CF956F2799A5}.Debug|Any CPU.Build.0 = Debug|Any CPU
		{CF8E4745-C5D1-4A08-9FA2-CF956F2799A5}.Debug|ARM.ActiveCfg = Debug|Any CPU
		{CF8E4745-C5D1-4A08-9FA2-CF956F2799A5}.Debug|ARM.Build.0 = Debug|Any CPU
		{CF8E4745-C5D1-4A08-9FA2-CF956F2799A5}.Debug|iPhone.ActiveCfg = Debug|Any CPU
		{CF8E4745-C5D1-4A08-9FA2-CF956F2799A5}.Debug|iPhone.Build.0 = Debug|Any CPU
		{CF8E4745-C5D1-4A08-9FA2-CF956F2799A5}.Debug|iPhoneSimulator.ActiveCfg = Debug|Any CPU
		{CF8E4745-C5D1-4A08-9FA2-CF956F2799A5}.Debug|iPhoneSimulator.Build.0 = Debug|Any CPU
		{CF8E4745-C5D1-4A08-9FA2-CF956F2799A5}.Debug|x64.ActiveCfg = Debug|Any CPU
		{CF8E4745-C5D1-4A08-9FA2-CF956F2799A5}.Debug|x64.Build.0 = Debug|Any CPU
		{CF8E4745-C5D1-4A08-9FA2-CF956F2799A5}.Debug|x86.ActiveCfg = Debug|Any CPU
		{CF8E4745-C5D1-4A08-9FA2-CF956F2799A5}.Debug|x86.Build.0 = Debug|Any CPU
		{CF8E4745-C5D1-4A08-9FA2-CF956F2799A5}.Release|Any CPU.ActiveCfg = Release|Any CPU
		{CF8E4745-C5D1-4A08-9FA2-CF956F2799A5}.Release|Any CPU.Build.0 = Release|Any CPU
		{CF8E4745-C5D1-4A08-9FA2-CF956F2799A5}.Release|ARM.ActiveCfg = Release|Any CPU
		{CF8E4745-C5D1-4A08-9FA2-CF956F2799A5}.Release|ARM.Build.0 = Release|Any CPU
		{CF8E4745-C5D1-4A08-9FA2-CF956F2799A5}.Release|iPhone.ActiveCfg = Release|Any CPU
		{CF8E4745-C5D1-4A08-9FA2-CF956F2799A5}.Release|iPhone.Build.0 = Release|Any CPU
		{CF8E4745-C5D1-4A08-9FA2-CF956F2799A5}.Release|iPhoneSimulator.ActiveCfg = Release|Any CPU
		{CF8E4745-C5D1-4A08-9FA2-CF956F2799A5}.Release|iPhoneSimulator.Build.0 = Release|Any CPU
		{CF8E4745-C5D1-4A08-9FA2-CF956F2799A5}.Release|x64.ActiveCfg = Release|Any CPU
		{CF8E4745-C5D1-4A08-9FA2-CF956F2799A5}.Release|x64.Build.0 = Release|Any CPU
		{CF8E4745-C5D1-4A08-9FA2-CF956F2799A5}.Release|x86.ActiveCfg = Release|Any CPU
		{CF8E4745-C5D1-4A08-9FA2-CF956F2799A5}.Release|x86.Build.0 = Release|Any CPU
		{5A365333-0D7D-432D-AABA-2B36B0D17170}.Ad-Hoc|Any CPU.ActiveCfg = Release|Any CPU
		{5A365333-0D7D-432D-AABA-2B36B0D17170}.Ad-Hoc|Any CPU.Build.0 = Release|Any CPU
		{5A365333-0D7D-432D-AABA-2B36B0D17170}.Ad-Hoc|Any CPU.Deploy.0 = Release|Any CPU
		{5A365333-0D7D-432D-AABA-2B36B0D17170}.Ad-Hoc|ARM.ActiveCfg = Release|ARM
		{5A365333-0D7D-432D-AABA-2B36B0D17170}.Ad-Hoc|ARM.Build.0 = Release|ARM
		{5A365333-0D7D-432D-AABA-2B36B0D17170}.Ad-Hoc|ARM.Deploy.0 = Release|ARM
		{5A365333-0D7D-432D-AABA-2B36B0D17170}.Ad-Hoc|iPhone.ActiveCfg = Release|Any CPU
		{5A365333-0D7D-432D-AABA-2B36B0D17170}.Ad-Hoc|iPhone.Build.0 = Release|Any CPU
		{5A365333-0D7D-432D-AABA-2B36B0D17170}.Ad-Hoc|iPhone.Deploy.0 = Release|Any CPU
		{5A365333-0D7D-432D-AABA-2B36B0D17170}.Ad-Hoc|iPhoneSimulator.ActiveCfg = Release|Any CPU
		{5A365333-0D7D-432D-AABA-2B36B0D17170}.Ad-Hoc|iPhoneSimulator.Build.0 = Release|Any CPU
		{5A365333-0D7D-432D-AABA-2B36B0D17170}.Ad-Hoc|iPhoneSimulator.Deploy.0 = Release|Any CPU
		{5A365333-0D7D-432D-AABA-2B36B0D17170}.Ad-Hoc|x64.ActiveCfg = Debug|Any CPU
		{5A365333-0D7D-432D-AABA-2B36B0D17170}.Ad-Hoc|x64.Build.0 = Debug|Any CPU
		{5A365333-0D7D-432D-AABA-2B36B0D17170}.Ad-Hoc|x64.Deploy.0 = Debug|Any CPU
		{5A365333-0D7D-432D-AABA-2B36B0D17170}.Ad-Hoc|x86.ActiveCfg = Release|x86
		{5A365333-0D7D-432D-AABA-2B36B0D17170}.Ad-Hoc|x86.Build.0 = Release|x86
		{5A365333-0D7D-432D-AABA-2B36B0D17170}.Ad-Hoc|x86.Deploy.0 = Release|x86
		{5A365333-0D7D-432D-AABA-2B36B0D17170}.AppStore|Any CPU.ActiveCfg = Release|Any CPU
		{5A365333-0D7D-432D-AABA-2B36B0D17170}.AppStore|Any CPU.Build.0 = Release|Any CPU
		{5A365333-0D7D-432D-AABA-2B36B0D17170}.AppStore|Any CPU.Deploy.0 = Release|Any CPU
		{5A365333-0D7D-432D-AABA-2B36B0D17170}.AppStore|ARM.ActiveCfg = Release|ARM
		{5A365333-0D7D-432D-AABA-2B36B0D17170}.AppStore|ARM.Build.0 = Release|ARM
		{5A365333-0D7D-432D-AABA-2B36B0D17170}.AppStore|ARM.Deploy.0 = Release|ARM
		{5A365333-0D7D-432D-AABA-2B36B0D17170}.AppStore|iPhone.ActiveCfg = Release|Any CPU
		{5A365333-0D7D-432D-AABA-2B36B0D17170}.AppStore|iPhone.Build.0 = Release|Any CPU
		{5A365333-0D7D-432D-AABA-2B36B0D17170}.AppStore|iPhone.Deploy.0 = Release|Any CPU
		{5A365333-0D7D-432D-AABA-2B36B0D17170}.AppStore|iPhoneSimulator.ActiveCfg = Release|Any CPU
		{5A365333-0D7D-432D-AABA-2B36B0D17170}.AppStore|iPhoneSimulator.Build.0 = Release|Any CPU
		{5A365333-0D7D-432D-AABA-2B36B0D17170}.AppStore|iPhoneSimulator.Deploy.0 = Release|Any CPU
		{5A365333-0D7D-432D-AABA-2B36B0D17170}.AppStore|x64.ActiveCfg = Debug|Any CPU
		{5A365333-0D7D-432D-AABA-2B36B0D17170}.AppStore|x64.Build.0 = Debug|Any CPU
		{5A365333-0D7D-432D-AABA-2B36B0D17170}.AppStore|x64.Deploy.0 = Debug|Any CPU
		{5A365333-0D7D-432D-AABA-2B36B0D17170}.AppStore|x86.ActiveCfg = Release|x86
		{5A365333-0D7D-432D-AABA-2B36B0D17170}.AppStore|x86.Build.0 = Release|x86
		{5A365333-0D7D-432D-AABA-2B36B0D17170}.AppStore|x86.Deploy.0 = Release|x86
		{5A365333-0D7D-432D-AABA-2B36B0D17170}.Debug|Any CPU.ActiveCfg = Debug|Any CPU
		{5A365333-0D7D-432D-AABA-2B36B0D17170}.Debug|Any CPU.Build.0 = Debug|Any CPU
		{5A365333-0D7D-432D-AABA-2B36B0D17170}.Debug|Any CPU.Deploy.0 = Debug|Any CPU
		{5A365333-0D7D-432D-AABA-2B36B0D17170}.Debug|ARM.ActiveCfg = Debug|ARM
		{5A365333-0D7D-432D-AABA-2B36B0D17170}.Debug|ARM.Build.0 = Debug|ARM
		{5A365333-0D7D-432D-AABA-2B36B0D17170}.Debug|ARM.Deploy.0 = Debug|ARM
		{5A365333-0D7D-432D-AABA-2B36B0D17170}.Debug|iPhone.ActiveCfg = Debug|Any CPU
		{5A365333-0D7D-432D-AABA-2B36B0D17170}.Debug|iPhone.Build.0 = Debug|Any CPU
		{5A365333-0D7D-432D-AABA-2B36B0D17170}.Debug|iPhone.Deploy.0 = Debug|Any CPU
		{5A365333-0D7D-432D-AABA-2B36B0D17170}.Debug|iPhoneSimulator.ActiveCfg = Debug|x86
		{5A365333-0D7D-432D-AABA-2B36B0D17170}.Debug|iPhoneSimulator.Build.0 = Debug|x86
		{5A365333-0D7D-432D-AABA-2B36B0D17170}.Debug|iPhoneSimulator.Deploy.0 = Debug|x86
		{5A365333-0D7D-432D-AABA-2B36B0D17170}.Debug|x64.ActiveCfg = Debug|Any CPU
		{5A365333-0D7D-432D-AABA-2B36B0D17170}.Debug|x64.Build.0 = Debug|Any CPU
		{5A365333-0D7D-432D-AABA-2B36B0D17170}.Debug|x64.Deploy.0 = Debug|Any CPU
		{5A365333-0D7D-432D-AABA-2B36B0D17170}.Debug|x86.ActiveCfg = Debug|x86
		{5A365333-0D7D-432D-AABA-2B36B0D17170}.Debug|x86.Build.0 = Debug|x86
		{5A365333-0D7D-432D-AABA-2B36B0D17170}.Debug|x86.Deploy.0 = Debug|x86
		{5A365333-0D7D-432D-AABA-2B36B0D17170}.Release|Any CPU.ActiveCfg = Release|Any CPU
		{5A365333-0D7D-432D-AABA-2B36B0D17170}.Release|Any CPU.Build.0 = Release|Any CPU
		{5A365333-0D7D-432D-AABA-2B36B0D17170}.Release|Any CPU.Deploy.0 = Release|Any CPU
		{5A365333-0D7D-432D-AABA-2B36B0D17170}.Release|ARM.ActiveCfg = Release|ARM
		{5A365333-0D7D-432D-AABA-2B36B0D17170}.Release|ARM.Build.0 = Release|ARM
		{5A365333-0D7D-432D-AABA-2B36B0D17170}.Release|ARM.Deploy.0 = Release|ARM
		{5A365333-0D7D-432D-AABA-2B36B0D17170}.Release|iPhone.ActiveCfg = Release|Any CPU
		{5A365333-0D7D-432D-AABA-2B36B0D17170}.Release|iPhone.Build.0 = Release|Any CPU
		{5A365333-0D7D-432D-AABA-2B36B0D17170}.Release|iPhone.Deploy.0 = Release|Any CPU
		{5A365333-0D7D-432D-AABA-2B36B0D17170}.Release|iPhoneSimulator.ActiveCfg = Release|Any CPU
		{5A365333-0D7D-432D-AABA-2B36B0D17170}.Release|iPhoneSimulator.Build.0 = Release|Any CPU
		{5A365333-0D7D-432D-AABA-2B36B0D17170}.Release|iPhoneSimulator.Deploy.0 = Release|Any CPU
		{5A365333-0D7D-432D-AABA-2B36B0D17170}.Release|x64.ActiveCfg = Release|Any CPU
		{5A365333-0D7D-432D-AABA-2B36B0D17170}.Release|x64.Build.0 = Release|Any CPU
		{5A365333-0D7D-432D-AABA-2B36B0D17170}.Release|x64.Deploy.0 = Release|Any CPU
		{5A365333-0D7D-432D-AABA-2B36B0D17170}.Release|x86.ActiveCfg = Release|x86
		{5A365333-0D7D-432D-AABA-2B36B0D17170}.Release|x86.Build.0 = Release|x86
		{5A365333-0D7D-432D-AABA-2B36B0D17170}.Release|x86.Deploy.0 = Release|x86
	EndGlobalSection
	GlobalSection(SolutionProperties) = preSolution
		HideSolutionNode = FALSE
	EndGlobalSection
EndGlobal
